{
  "name": "TargetFinder",
  "lockfileVersion": 3,
  "requires": true,
  "packages": {
    "": {
      "dependencies": {
        "@sweetalert2/theme-borderless": "^5.0.16",
        "flowbite": "^2.3.0",
        "sweetalert2": "^11.10.7"
      }
    },
    "node_modules/@popperjs/core": {
      "version": "2.11.8",
      "resolved": "https://registry.npmjs.org/@popperjs/core/-/core-2.11.8.tgz",
      "integrity": "sha512-P1st0aksCrn9sGZhp8GMYwBnQsbvAWsZAX44oXNNvLHGqAOcoVxmjZiohstwQ7SqKnbR47akdNi+uleWD8+g6A==",
      "funding": {
        "type": "opencollective",
        "url": "https://opencollective.com/popperjs"
      }
    },
    "node_modules/@sweetalert2/theme-borderless": {
      "version": "5.0.16",
      "resolved": "https://registry.npmjs.org/@sweetalert2/theme-borderless/-/theme-borderless-5.0.16.tgz",
      "integrity": "sha512-T3gx9RiFjUQAmk1oNyh+gwGPImb2mozViju/1DuauvpnWYF1kZ4iMRSJAhUa/gsf3e9iEgO5ueGey5KsFXz5qA=="
    },
    "node_modules/flowbite": {
      "version": "2.3.0",
      "resolved": "https://registry.npmjs.org/flowbite/-/flowbite-2.3.0.tgz",
      "integrity": "sha512-pm3JRo8OIJHGfFYWgaGpPv8E+UdWy0Z3gEAGufw+G/1dusaU/P1zoBLiQpf2/+bYAi+GBQtPVG86KYlV0W+AFQ==",
      "dependencies": {
        "@popperjs/core": "^2.9.3",
        "mini-svg-data-uri": "^1.4.3"
      }
    },
    "node_modules/mini-svg-data-uri": {
      "version": "1.4.4",
      "resolved": "https://registry.npmjs.org/mini-svg-data-uri/-/mini-svg-data-uri-1.4.4.tgz",
      "integrity": "sha512-r9deDe9p5FJUPZAk3A59wGH7Ii9YrjjWw0jmw/liSbHl2CHiyXj6FcDXDu2K3TjVAXqiJdaw3xxwlZZr9E6nHg==",
      "bin": {
        "mini-svg-data-uri": "cli.js"
      }
    },
    "node_modules/sweetalert2": {
      "version": "11.10.7",
      "resolved": "https://registry.npmjs.org/sweetalert2/-/sweetalert2-11.10.7.tgz",
      "integrity": "sha512-5Jlzrmaitay6KzU+2+LhYu9q+L4v/dZ8oZyEDH14ep0C/QilCnFLHmqAyD/Lhq/lm5DiwsOs6Tr58iv8k3wyGg==",
      "funding": {
        "type": "individual",
        "url": "https://github.com/sponsors/limonte"
      }
    }
  }
}
